{
  "requires": true,
  "lockfileVersion": 1,
  "dependencies": {
    "bent": {
      "version": "7.3.2",
      "resolved": "https://registry.npmjs.org/bent/-/bent-7.3.2.tgz",
      "integrity": "sha512-iI9r7tiiaWX8tToVBskcfU7omPb3Z1GoLhPZ1gqJD/K8jtHlPNB9dsD2RqiLc4xYOawsCzP8psnSuILN3PK9dg==",
      "requires": {
        "bytesish": "^0.4.1",
        "caseless": "~0.12.0",
        "is-stream": "^2.0.0"
      }
    },
    "bpmn-elements": {
      "version": "0.13.1",
      "resolved": "https://registry.npmjs.org/bpmn-elements/-/bpmn-elements-0.13.1.tgz",
      "integrity": "sha512-2iSDIS1kknAj3A3gERt1s74BD5zCV2oUW2SqQEdbTS6hBZMxKA5lMTXnCf8nLDvhQfLT8eoQUT6tcztZYy3KUA==",
      "requires": {
        "iso8601-duration": "^1.2.0",
        "smqp": "^2.1.1"
      }
    },
    "bpmn-engine": {
      "version": "8.7.0",
      "resolved": "https://registry.npmjs.org/bpmn-engine/-/bpmn-engine-8.7.0.tgz",
      "integrity": "sha512-5ju0qjHUguq1hynzIBCbZPOEjrPipTuyV9b8sXnLEr8tpBWsXMVLsYcFPkIrkKl4TUGp+1dQeLRTm7MpEpmA6A==",
      "requires": {
        "bpmn-elements": "^0.13.1",
        "bpmn-moddle": "^7.0.2",
        "debug": "^4.1.1",
        "moddle-context-serializer": "^0.14.1",
        "smqp": "^2.1.1"
      },
      "dependencies": {
        "debug": {
          "version": "4.1.1",
          "resolved": "https://registry.npmjs.org/debug/-/debug-4.1.1.tgz",
          "integrity": "sha512-pYAIzeRo8J6KPEaJ0VWOh5Pzkbw/RetuzehGM7QRRX5he4fPHx2rdKMB256ehJCkX+XRQm16eZLqLNS8RSZXZw==",
          "requires": {
            "ms": "^2.1.1"
          }
        }
      }
    },
    "bpmn-moddle": {
      "version": "7.0.3",
      "resolved": "https://registry.npmjs.org/bpmn-moddle/-/bpmn-moddle-7.0.3.tgz",
      "integrity": "sha512-DylEgndbBNm37v/jEdZTUD1i7XzbpCA5mIAFqkbqof3nYbIOAIycIrkhnRIaBJPvtlxTd3wDdG1ts1IzUfEduA==",
      "requires": {
        "min-dash": "^3.0.0",
        "moddle": "^5.0.1",
        "moddle-xml": "^9.0.3"
      }
    },
    "bytesish": {
      "version": "0.4.1",
      "resolved": "https://registry.npmjs.org/bytesish/-/bytesish-0.4.1.tgz",
      "integrity": "sha512-j3l5QmnAbpOfcN/Z2Jcv4poQYfefs8rDdcbc6iEKm+OolvUXAE2APodpWj+DOzqX6Bl5Ys1cQkcIV2/doGvQxg=="
    },
    "camunda-bpmn-moddle": {
      "version": "4.4.0",
      "resolved": "https://registry.npmjs.org/camunda-bpmn-moddle/-/camunda-bpmn-moddle-4.4.0.tgz",
      "integrity": "sha512-jhtbPk7AXJNig/1040OWk75xn6dXs+NRQXx0HTf4er+NsQsNIIyuB3Nfm+rmyQSLhIc58Pi9QD4/aAfP97OvEg==",
      "requires": {
        "min-dash": "^3.0.0"
      }
    },
    "caseless": {
      "version": "0.12.0",
      "resolved": "https://registry.npmjs.org/caseless/-/caseless-0.12.0.tgz",
      "integrity": "sha1-G2gcIf+EAzyCZUMJBolCDRhxUdw="
    },
    "is-stream": {
      "version": "2.0.0",
      "resolved": "https://registry.npmjs.org/is-stream/-/is-stream-2.0.0.tgz",
      "integrity": "sha512-XCoy+WlUr7d1+Z8GgSuXmpuUFC9fOhRXglJMx+dwLKTkL44Cjd4W1Z5P+BQZpr+cR93aGP4S/s7Ftw6Nd/kiEw=="
    },
    "iso8601-duration": {
      "version": "1.2.0",
      "resolved": "https://registry.npmjs.org/iso8601-duration/-/iso8601-duration-1.2.0.tgz",
      "integrity": "sha512-ErTBd++b17E8nmWII1K1uZtBgD1E8RjyvwmxlCjPHNqHMD7gmcMHOw0E8Ro/6+QT4PhHRSnnMo7bxa1vFPkwhg=="
    },
    "min-dash": {
      "version": "3.5.2",
      "resolved": "https://registry.npmjs.org/min-dash/-/min-dash-3.5.2.tgz",
      "integrity": "sha512-YVbJZUtnzT5QsgJUp9H9uyJTW6NJgswFqI27RI/+MSox860uIjaGMbSQBftEzbMXiJVRG24hpoIh3SG666SHgA=="
    },
    "moddle": {
      "version": "5.0.1",
      "resolved": "https://registry.npmjs.org/moddle/-/moddle-5.0.1.tgz",
      "integrity": "sha512-RB9NCYxbnQLiY1ZJ8Y61+I8TBEmmyaMr8Tj0+fJHN8Fm6l5NqojDy1s4LNDxq+omvug4gnzERMgT8uwNsADDvw==",
      "requires": {
        "min-dash": "^3.0.0"
      }
    },
    "moddle-context-serializer": {
      "version": "0.14.1",
      "resolved": "https://registry.npmjs.org/moddle-context-serializer/-/moddle-context-serializer-0.14.1.tgz",
      "integrity": "sha512-cl+AVU/mawGaCGQEpztHeV87BBhpM2FaHTykIM/LzWi4mp7dSGUHwIYESJBXo166bst+0ABlzLIDVs8Du34img=="
    },
    "moddle-xml": {
      "version": "9.0.3",
      "resolved": "https://registry.npmjs.org/moddle-xml/-/moddle-xml-9.0.3.tgz",
      "integrity": "sha512-3r1c+CA7k9GLqONKtM87DltyLmeWtqz6wbw+SQWNJd66iidmYL4VudN/qpJHt6TP8qxeQrZLTpEYkDQgW6HIDQ==",
      "requires": {
        "min-dash": "^3.0.0",
        "moddle": "^5.0.1",
        "saxen": "^8.1.2"
      }
    },
    "ms": {
      "version": "2.1.2",
      "resolved": "https://registry.npmjs.org/ms/-/ms-2.1.2.tgz",
      "integrity": "sha512-sGkPx+VjMtmA6MX27oA4FBFELFCZZ4S4XqeGOXCv68tT+jb3vk/RyaKWP0PTKyWtmLSM0b+adUTEvbs1PEaH2w=="
    },
    "saxen": {
      "version": "8.1.2",
      "resolved": "https://registry.npmjs.org/saxen/-/saxen-8.1.2.tgz",
      "integrity": "sha512-xUOiiFbc3Ow7p8KMxwsGICPx46ZQvy3+qfNVhrkwfz3Vvq45eGt98Ft5IQaA1R/7Tb5B5MKh9fUR9x3c3nDTxw=="
    },
    "smqp": {
      "version": "2.1.1",
      "resolved": "https://registry.npmjs.org/smqp/-/smqp-2.1.1.tgz",
      "integrity": "sha512-zD9oQ69p9ZzZjfM0XxXL59awbSz2R7OskPdfUdbb4feJ1eFcxaeGLeHhakgtPkRbnN2WoPHettgYEIC00MaHwA=="
    }
  }
}
